
Microsoft Visual Studio Solution File, Format Version 11.00
# Visual Studio 2010
Project("{FAE04EC0-301F-11D3-BF4B-00C04F79EFBC}") = "eZ430_Chronos_Net", "eZ430_Chronos_Net.csproj", "{DC384C16-2DC1-4BE8-A3B8-5E55B4F14712}"
EndProject
Global
	GlobalSection(SubversionScc) = preSolution
		Svn-Managed = True
		Manager = AnkhSVN - Subversion Support for Visual Studio
	EndGlobalSection
	GlobalSection(SolutionConfigurationPlatforms) = preSolution
		Debug|Any CPU = Debug|Any CPU
		Release|Any CPU = Release|Any CPU
	EndGlobalSection
	GlobalSection(ProjectConfigurationPlatforms) = postSolution
		{DC384C16-2DC1-4BE8-A3B8-5E55B4F14712}.Debug|Any CPU.ActiveCfg = Debug|Any CPU
		{DC384C16-2DC1-4BE8-A3B8-5E55B4F14712}.Debug|Any CPU.Build.0 = Debug|Any CPU
		{DC384C16-2DC1-4BE8-A3B8-5E55B4F14712}.Release|Any CPU.ActiveCfg = Release|Any CPU
		{DC384C16-2DC1-4BE8-A3B8-5E55B4F14712}.Release|Any CPU.Build.0 = Release|Any CPU
	EndGlobalSection
	GlobalSection(SolutionProperties) = preSolution
		HideSolutionNode = FALSE
	EndGlobalSection
EndGlobal
